// !$*UTF8*$!
{
	archiveVersion = 1;
	classes = {
	};
	objectVersion = 50;
	objects = {

/* Begin PBXBuildFile section */
		935924D820E5610A00434EA7 /* AppDelegate.swift in Sources */ = {isa = PBXBuildFile; fileRef = 935924D720E5610A00434EA7 /* AppDelegate.swift */; };
		935924DA20E5610A00434EA7 /* ViewController.swift in Sources */ = {isa = PBXBuildFile; fileRef = 935924D920E5610A00434EA7 /* ViewController.swift */; };
		935924DD20E5610A00434EA7 /* Main.storyboard in Resources */ = {isa = PBXBuildFile; fileRef = 935924DB20E5610A00434EA7 /* Main.storyboard */; };
		935924DF20E5610C00434EA7 /* Assets.xcassets in Resources */ = {isa = PBXBuildFile; fileRef = 935924DE20E5610C00434EA7 /* Assets.xcassets */; };
		935924E220E5610C00434EA7 /* LaunchScreen.storyboard in Resources */ = {isa = PBXBuildFile; fileRef = 935924E020E5610C00434EA7 /* LaunchScreen.storyboard */; };
		935924ED20E5610C00434EA7 /* TrafficSeguesTests.swift in Sources */ = {isa = PBXBuildFile; fileRef = 935924EC20E5610C00434EA7 /* TrafficSeguesTests.swift */; };
		935924F820E5610C00434EA7 /* TrafficSeguesUITests.swift in Sources */ = {isa = PBXBuildFile; fileRef = 935924F720E5610C00434EA7 /* TrafficSeguesUITests.swift */; };
/* End PBXBuildFile section */

/* Begin PBXContainerItemProxy section */
		935924E920E5610C00434EA7 /* PBXContainerItemProxy */ = {
			isa = PBXContainerItemProxy;
			containerPortal = 935924CC20E5610900434EA7 /* Project object */;
			proxyType = 1;
			remoteGlobalIDString = 935924D320E5610900434EA7;
			remoteInfo = TrafficSegues;
		};
		935924F420E5610C00434EA7 /* PBXContainerItemProxy */ = {
			isa = PBXContainerItemProxy;
			containerPortal = 935924CC20E5610900434EA7 /* Project object */;
			proxyType = 1;
			remoteGlobalIDString = 935924D320E5610900434EA7;
			remoteInfo = TrafficSegues;
		};
/* End PBXContainerItemProxy section */

/* Begin PBXFileReference section */
		935924D420E5610A00434EA7 /* TrafficSegues.app */ = {isa = PBXFileReference; explicitFileType = wrapper.application; includeInIndex = 0; path = TrafficSegues.app; sourceTree = BUILT_PRODUCTS_DIR; };
		935924D720E5610A00434EA7 /* AppDelegate.swift */ = {isa = PBXFileReference; lastKnownFileType = sourcecode.swift; path = AppDelegate.swift; sourceTree = "<group>"; };
		935924D920E5610A00434EA7 /* ViewController.swift */ = {isa = PBXFileReference; lastKnownFileType = sourcecode.swift; path = ViewController.swift; sourceTree = "<group>"; };
		935924DC20E5610A00434EA7 /* Base */ = {isa = PBXFileReference; lastKnownFileType = file.storyboard; name = Base; path = Base.lproj/Main.storyboard; sourceTree = "<group>"; };
		935924DE20E5610C00434EA7 /* Assets.xcassets */ = {isa = PBXFileReference; lastKnownFileType = folder.assetcatalog; path = Assets.xcassets; sourceTree = "<group>"; };
		935924E120E5610C00434EA7 /* Base */ = {isa = PBXFileReference; lastKnownFileType = file.storyboard; name = Base; path = Base.lproj/LaunchScreen.storyboard; sourceTree = "<group>"; };
		935924E320E5610C00434EA7 /* Info.plist */ = {isa = PBXFileReference; lastKnownFileType = text.plist.xml; path = Info.plist; sourceTree = "<group>"; };
		935924E820E5610C00434EA7 /* TrafficSeguesTests.xctest */ = {isa = PBXFileReference; explicitFileType = wrapper.cfbundle; includeInIndex = 0; path = TrafficSeguesTests.xctest; sourceTree = BUILT_PRODUCTS_DIR; };
		935924EC20E5610C00434EA7 /* TrafficSeguesTests.swift */ = {isa = PBXFileReference; lastKnownFileType = sourcecode.swift; path = TrafficSeguesTests.swift; sourceTree = "<group>"; };
		935924EE20E5610C00434EA7 /* Info.plist */ = {isa = PBXFileReference; lastKnownFileType = text.plist.xml; path = Info.plist; sourceTree = "<group>"; };
		935924F320E5610C00434EA7 /* TrafficSeguesUITests.xctest */ = {isa = PBXFileReference; explicitFileType = wrapper.cfbundle; includeInIndex = 0; path = TrafficSeguesUITests.xctest; sourceTree = BUILT_PRODUCTS_DIR; };
		935924F720E5610C00434EA7 /* TrafficSeguesUITests.swift */ = {isa = PBXFileReference; lastKnownFileType = sourcecode.swift; path = TrafficSeguesUITests.swift; sourceTree = "<group>"; };
		935924F920E5610C00434EA7 /* Info.plist */ = {isa = PBXFileReference; lastKnownFileType = text.plist.xml; path = Info.plist; sourceTree = "<group>"; };
/* End PBXFileReference section */

/* Begin PBXFrameworksBuildPhase section */
		935924D120E5610900434EA7 /* Frameworks */ = {
			isa = PBXFrameworksBuildPhase;
			buildActionMask = 2147483647;
			files = (
			);
			runOnlyForDeploymentPostprocessing = 0;
		};
		935924E520E5610C00434EA7 /* Frameworks */ = {
			isa = PBXFrameworksBuildPhase;
			buildActionMask = 2147483647;
			files = (
			);
			runOnlyForDeploymentPostprocessing = 0;
		};
		935924F020E5610C00434EA7 /* Frameworks */ = {
			isa = PBXFrameworksBuildPhase;
			buildActionMask = 2147483647;
			files = (
			);
			runOnlyForDeploymentPostprocessing = 0;
		};
/* End PBXFrameworksBuildPhase section */

/* Begin PBXGroup section */
		935924CB20E5610900434EA7 = {
			isa = PBXGroup;
			children = (
				935924D620E5610A00434EA7 /* TrafficSegues */,
				935924EB20E5610C00434EA7 /* TrafficSeguesTests */,
				935924F620E5610C00434EA7 /* TrafficSeguesUITests */,
				935924D520E5610A00434EA7 /* Products */,
			);
			sourceTree = "<group>";
		};
		935924D520E5610A00434EA7 /* Products */ = {
			isa = PBXGroup;
			children = (
				935924D420E5610A00434EA7 /* TrafficSegues.app */,
				935924E820E5610C00434EA7 /* TrafficSeguesTests.xctest */,
				935924F320E5610C00434EA7 /* TrafficSeguesUITests.xctest */,
			);
			name = Products;
			sourceTree = "<group>";
		};
		935924D620E5610A00434EA7 /* TrafficSegues */ = {
			isa = PBXGroup;
			children = (
				935924D720E5610A00434EA7 /* AppDelegate.swift */,
				935924D920E5610A00434EA7 /* ViewController.swift */,
				935924DB20E5610A00434EA7 /* Main.storyboard */,
				935924DE20E5610C00434EA7 /* Assets.xcassets */,
				935924E020E5610C00434EA7 /* LaunchScreen.storyboard */,
				935924E320E5610C00434EA7 /* Info.plist */,
			);
			path = TrafficSegues;
			sourceTree = "<group>";
		};
		935924EB20E5610C00434EA7 /* TrafficSeguesTests */ = {
			isa = PBXGroup;
			children = (
				935924EC20E5610C00434EA7 /* TrafficSeguesTests.swift */,
				935924EE20E5610C00434EA7 /* Info.plist */,
			);
			path = TrafficSeguesTests;
			sourceTree = "<group>";
		};
		935924F620E5610C00434EA7 /* TrafficSeguesUITests */ = {
			isa = PBXGroup;
			children = (
				935924F720E5610C00434EA7 /* TrafficSeguesUITests.swift */,
				935924F920E5610C00434EA7 /* Info.plist */,
			);
			path = TrafficSeguesUITests;
			sourceTree = "<group>";
		};
/* End PBXGroup section */

/* Begin PBXNativeTarget section */
		935924D320E5610900434EA7 /* TrafficSegues */ = {
			isa = PBXNativeTarget;
			buildConfigurationList = 935924FC20E5610C00434EA7 /* Build configuration list for PBXNativeTarget "TrafficSegues" */;
			buildPhases = (
				935924D020E5610900434EA7 /* Sources */,
				935924D120E5610900434EA7 /* Frameworks */,
				935924D220E5610900434EA7 /* Resources */,
			);
			buildRules = (
			);
			dependencies = (
			);
			name = TrafficSegues;
			productName = TrafficSegues;
			productReference = 935924D420E5610A00434EA7 /* TrafficSegues.app */;
			productType = "com.apple.product-type.application";
		};
		935924E720E5610C00434EA7 /* TrafficSeguesTests */ = {
			isa = PBXNativeTarget;
			buildConfigurationList = 935924FF20E5610C00434EA7 /* Build configuration list for PBXNativeTarget "TrafficSeguesTests" */;
			buildPhases = (
				935924E420E5610C00434EA7 /* Sources */,
				935924E520E5610C00434EA7 /* Frameworks */,
				935924E620E5610C00434EA7 /* Resources */,
			);
			buildRules = (
			);
			dependencies = (
				935924EA20E5610C00434EA7 /* PBXTargetDependency */,
			);
			name = TrafficSeguesTests;
			productName = TrafficSeguesTests;
			productReference = 935924E820E5610C00434EA7 /* TrafficSeguesTests.xctest */;
			productType = "com.apple.product-type.bundle.unit-test";
		};
		935924F220E5610C00434EA7 /* TrafficSeguesUITests */ = {
			isa = PBXNativeTarget;
			buildConfigurationList = 9359250220E5610C00434EA7 /* Build configuration list for PBXNativeTarget "TrafficSeguesUITests" */;
			buildPhases = (
				935924EF20E5610C00434EA7 /* Sources */,
				935924F020E5610C00434EA7 /* Frameworks */,
				935924F120E5610C00434EA7 /* Resources */,
			);
			buildRules = (
			);
			dependencies = (
				935924F520E5610C00434EA7 /* PBXTargetDependency */,
			);
			name = TrafficSeguesUITests;
			productName = TrafficSeguesUITests;
			productReference = 935924F320E5610C00434EA7 /* TrafficSeguesUITests.xctest */;
			productType = "com.apple.product-type.bundle.ui-testing";
		};
/* End PBXNativeTarget section */

/* Begin PBXProject section */
		935924CC20E5610900434EA7 /* Project object */ = {
			isa = PBXProject;
			attributes = {
				LastSwiftUpdateCheck = 0940;
				LastUpgradeCheck = 0940;
				ORGANIZATIONNAME = "Anes Mehai ";
				TargetAttributes = {
					935924D320E5610900434EA7 = {
						CreatedOnToolsVersion = 9.4;
					};
					935924E720E5610C00434EA7 = {
						CreatedOnToolsVersion = 9.4;
						TestTargetID = 935924D320E5610900434EA7;
					};
					935924F220E5610C00434EA7 = {
						CreatedOnToolsVersion = 9.4;
						TestTargetID = 935924D320E5610900434EA7;
					};
				};
			};
			buildConfigurationList = 935924CF20E5610900434EA7 /* Build configuration list for PBXProject "TrafficSegues" */;
			compatibilityVersion = "Xcode 9.3";
			developmentRegion = en;
			hasScannedForEncodings = 0;
			knownRegions = (
				en,
				Base,
			);
			mainGroup = 935924CB20E5610900434EA7;
			productRefGroup = 935924D520E5610A00434EA7 /* Products */;
			projectDirPath = "";
			projectRoot = "";
			targets = (
				935924D320E5610900434EA7 /* TrafficSegues */,
				935924E720E5610C00434EA7 /* TrafficSeguesTests */,
				935924F220E5610C00434EA7 /* TrafficSeguesUITests */,
			);
		};
/* End PBXProject section */

/* Begin PBXResourcesBuildPhase section */
		935924D220E5610900434EA7 /* Resources */ = {
			isa = PBXResourcesBuildPhase;
			buildActionMask = 2147483647;
			files = (
				935924E220E5610C00434EA7 /* LaunchScreen.storyboard in Resources */,
				935924DF20E5610C00434EA7 /* Assets.xcassets in Resources */,
				935924DD20E5610A00434EA7 /* Main.storyboard in Resources */,
			);
			runOnlyForDeploymentPostprocessing = 0;
		};
		935924E620E5610C00434EA7 /* Resources */ = {
			isa = PBXResourcesBuildPhase;
			buildActionMask = 2147483647;
			files = (
			);
			runOnlyForDeploymentPostprocessing = 0;
		};
		935924F120E5610C00434EA7 /* Resources */ = {
			isa = PBXResourcesBuildPhase;
			buildActionMask = 2147483647;
			files = (
			);
			runOnlyForDeploymentPostprocessing = 0;
		};
/* End PBXResourcesBuildPhase section */

/* Begin PBXSourcesBuildPhase section */
		935924D020E5610900434EA7 /* Sources */ = {
			isa = PBXSourcesBuildPhase;
			buildActionMask = 2147483647;
			files = (
				935924DA20E5610A00434EA7 /* ViewController.swift in Sources */,
				935924D820E5610A00434EA7 /* AppDelegate.swift in Sources */,
			);
			runOnlyForDeploymentPostprocessing = 0;
		};
		935924E420E5610C00434EA7 /* Sources */ = {
			isa = PBXSourcesBuildPhase;
			buildActionMask = 2147483647;
			files = (
				935924ED20E5610C00434EA7 /* TrafficSeguesTests.swift in Sources */,
			);
			runOnlyForDeploymentPostprocessing = 0;
		};
		935924EF20E5610C00434EA7 /* Sources */ = {
			isa = PBXSourcesBuildPhase;
			buildActionMask = 2147483647;
			files = (
				935924F820E5610C00434EA7 /* TrafficSeguesUITests.swift in Sources */,
			);
			runOnlyForDeploymentPostprocessing = 0;
		};
/* End PBXSourcesBuildPhase section */

/* Begin PBXTargetDependency section */
		935924EA20E5610C00434EA7 /* PBXTargetDependency */ = {
			isa = PBXTargetDependency;
			target = 935924D320E5610900434EA7 /* TrafficSegues */;
			targetProxy = 935924E920E5610C00434EA7 /* PBXContainerItemProxy */;
		};
		935924F520E5610C00434EA7 /* PBXTargetDependency */ = {
			isa = PBXTargetDependency;
			target = 935924D320E5610900434EA7 /* TrafficSegues */;
			targetProxy = 935924F420E5610C00434EA7 /* PBXContainerItemProxy */;
		};
/* End PBXTargetDependency section */

/* Begin PBXVariantGroup section */
		935924DB20E5610A00434EA7 /* Main.storyboard */ = {
			isa = PBXVariantGroup;
			children = (
				935924DC20E5610A00434EA7 /* Base */,
			);
			name = Main.storyboard;
			sourceTree = "<group>";
		};
		935924E020E5610C00434EA7 /* LaunchScreen.storyboard */ = {
			isa = PBXVariantGroup;
			children = (
				935924E120E5610C00434EA7 /* Base */,
			);
			name = LaunchScreen.storyboard;
			sourceTree = "<group>";
		};
/* End PBXVariantGroup section */

/* Begin XCBuildConfiguration section */
		935924FA20E5610C00434EA7 /* Debug */ = {
			isa = XCBuildConfiguration;
			buildSettings = {
				ALWAYS_SEARCH_USER_PATHS = NO;
				CLANG_ANALYZER_NONNULL = YES;
				CLANG_ANALYZER_NUMBER_OBJECT_CONVERSION = YES_AGGRESSIVE;
				CLANG_CXX_LANGUAGE_STANDARD = "gnu++14";
				CLANG_CXX_LIBRARY = "libc++";
				CLANG_ENABLE_MODULES = YES;
				CLANG_ENABLE_OBJC_ARC = YES;
				CLANG_ENABLE_OBJC_WEAK = YES;
				CLANG_WARN_BLOCK_CAPTURE_AUTORELEASING = YES;
				CLANG_WARN_BOOL_CONVERSION = YES;
				CLANG_WARN_COMMA = YES;
				CLANG_WARN_CONSTANT_CONVERSION = YES;
				CLANG_WARN_DEPRECATED_OBJC_IMPLEMENTATIONS = YES;
				CLANG_WARN_DIRECT_OBJC_ISA_USAGE = YES_ERROR;
				CLANG_WARN_DOCUMENTATION_COMMENTS = YES;
				CLANG_WARN_EMPTY_BODY = YES;
				CLANG_WARN_ENUM_CONVERSION = YES;
				CLANG_WARN_INFINITE_RECURSION = YES;
				CLANG_WARN_INT_CONVERSION = YES;
				CLANG_WARN_NON_LITERAL_NULL_CONVERSION = YES;
				CLANG_WARN_OBJC_IMPLICIT_RETAIN_SELF = YES;
				CLANG_WARN_OBJC_LITERAL_CONVERSION = YES;
				CLANG_WARN_OBJC_ROOT_CLASS = YES_ERROR;
				CLANG_WARN_RANGE_LOOP_ANALYSIS = YES;
				CLANG_WARN_STRICT_PROTOTYPES = YES;
				CLANG_WARN_SUSPICIOUS_MOVE = YES;
				CLANG_WARN_UNGUARDED_AVAILABILITY = YES_AGGRESSIVE;
				CLANG_WARN_UNREACHABLE_CODE = YES;
				CLANG_WARN__DUPLICATE_METHOD_MATCH = YES;
				CODE_SIGN_IDENTITY = "iPhone Developer";
				COPY_PHASE_STRIP = NO;
				DEBUG_INFORMATION_FORMAT = dwarf;
				ENABLE_STRICT_OBJC_MSGSEND = YES;
				ENABLE_TESTABILITY = YES;
				GCC_C_LANGUAGE_STANDARD = gnu11;
				GCC_DYNAMIC_NO_PIC = NO;
				GCC_NO_COMMON_BLOCKS = YES;
				GCC_OPTIMIZATION_LEVEL = 0;
				GCC_PREPROCESSOR_DEFINITIONS = (
					"DEBUG=1",
					"$(inherited)",
				);
				GCC_WARN_64_TO_32_BIT_CONVERSION = YES;
				GCC_WARN_ABOUT_RETURN_TYPE = YES_ERROR;
				GCC_WARN_UNDECLARED_SELECTOR = YES;
				GCC_WARN_UNINITIALIZED_AUTOS = YES_AGGRESSIVE;
				GCC_WARN_UNUSED_FUNCTION = YES;
				GCC_WARN_UNUSED_VARIABLE = YES;
				IPHONEOS_DEPLOYMENT_TARGET = 11.4;
				MTL_ENABLE_DEBUG_INFO = YES;
				ONLY_ACTIVE_ARCH = YES;
				SDKROOT = iphoneos;
				SWIFT_ACTIVE_COMPILATION_CONDITIONS = DEBUG;
				SWIFT_OPTIMIZATION_LEVEL = "-Onone";
			};
			name = Debug;
		};
		935924FB20E5610C00434EA7 /* Release */ = {
			isa = XCBuildConfiguration;
			buildSettings = {
				ALWAYS_SEARCH_USER_PATHS = NO;
				CLANG_ANALYZER_NONNULL = YES;
				CLANG_ANALYZER_NUMBER_OBJECT_CONVERSION = YES_AGGRESSIVE;
				CLANG_CXX_LANGUAGE_STANDARD = "gnu++14";
				CLANG_CXX_LIBRARY = "libc++";
				CLANG_ENABLE_MODULES = YES;
				CLANG_ENABLE_OBJC_ARC = YES;
				CLANG_ENABLE_OBJC_WEAK = YES;
				CLANG_WARN_BLOCK_CAPTURE_AUTORELEASING = YES;
				CLANG_WARN_BOOL_CONVERSION = YES;
				CLANG_WARN_COMMA = YES;
				CLANG_WARN_CONSTANT_CONVERSION = YES;
				CLANG_WARN_DEPRECATED_OBJC_IMPLEMENTATIONS = YES;
				CLANG_WARN_DIRECT_OBJC_ISA_USAGE = YES_ERROR;
				CLANG_WARN_DOCUMENTATION_COMMENTS = YES;
				CLANG_WARN_EMPTY_BODY = YES;
				CLANG_WARN_ENUM_CONVERSION = YES;
				CLANG_WARN_INFINITE_RECURSION = YES;
				CLANG_WARN_INT_CONVERSION = YES;
				CLANG_WARN_NON_LITERAL_NULL_CONVERSION = YES;
				CLANG_WARN_OBJC_IMPLICIT_RETAIN_SELF = YES;
				CLANG_WARN_OBJC_LITERAL_CONVERSION = YES;
				CLANG_WARN_OBJC_ROOT_CLASS = YES_ERROR;
				CLANG_WARN_RANGE_LOOP_ANALYSIS = YES;
				CLANG_WARN_STRICT_PROTOTYPES = YES;
				CLANG_WARN_SUSPICIOUS_MOVE = YES;
				CLANG_WARN_UNGUARDED_AVAILABILITY = YES_AGGRESSIVE;
				CLANG_WARN_UNREACHABLE_CODE = YES;
				CLANG_WARN__DUPLICATE_METHOD_MATCH = YES;
				CODE_SIGN_IDENTITY = "iPhone Developer";
				COPY_PHASE_STRIP = NO;
				DEBUG_INFORMATION_FORMAT = "dwarf-with-dsym";
				ENABLE_NS_ASSERTIONS = NO;
				ENABLE_STRICT_OBJC_MSGSEND = YES;
				GCC_C_LANGUAGE_STANDARD = gnu11;
				GCC_NO_COMMON_BLOCKS = YES;
				GCC_WARN_64_TO_32_BIT_CONVERSION = YES;
				GCC_WARN_ABOUT_RETURN_TYPE = YES_ERROR;
				GCC_WARN_UNDECLARED_SELECTOR = YES;
				GCC_WARN_UNINITIALIZED_AUTOS = YES_AGGRESSIVE;
				GCC_WARN_UNUSED_FUNCTION = YES;
				GCC_WARN_UNUSED_VARIABLE = YES;
				IPHONEOS_DEPLOYMENT_TARGET = 11.4;
				MTL_ENABLE_DEBUG_INFO = NO;
				SDKROOT = iphoneos;
				SWIFT_COMPILATION_MODE = wholemodule;
				SWIFT_OPTIMIZATION_LEVEL = "-O";
				VALIDATE_PRODUCT = YES;
			};
			name = Release;
		};
		935924FD20E5610C00434EA7 /* Debug */ = {
			isa = XCBuildConfiguration;
			buildSettings = {
				ASSETCATALOG_COMPILER_APPICON_NAME = AppIcon;
				CODE_SIGN_STYLE = Automatic;
				INFOPLIST_FILE = TrafficSegues/Info.plist;
				LD_RUNPATH_SEARCH_PATHS = (
					"$(inherited)",
					"@executable_path/Frameworks",
				);
				PRODUCT_BUNDLE_IDENTIFIER = com.asfoor.TrafficSegues;
				PRODUCT_NAME = "$(TARGET_NAME)";
				SWIFT_VERSION = 4.0;
				TARGETED_DEVICE_FAMILY = "1,2";
			};
			name = Debug;
		};
		935924FE20E5610C00434EA7 /* Release */ = {
			isa = XCBuildConfiguration;
			buildSettings = {
				ASSETCATALOG_COMPILER_APPICON_NAME = AppIcon;
				CODE_SIGN_STYLE = Automatic;
				INFOPLIST_FILE = TrafficSegues/Info.plist;
				LD_RUNPATH_SEARCH_PATHS = (
					"$(inherited)",
					"@executable_path/Frameworks",
				);
				PRODUCT_BUNDLE_IDENTIFIER = com.asfoor.TrafficSegues;
				PRODUCT_NAME = "$(TARGET_NAME)";
				SWIFT_VERSION = 4.0;
				TARGETED_DEVICE_FAMILY = "1,2";
			};
			name = Release;
		};
		9359250020E5610C00434EA7 /* Debug */ = {
			isa = XCBuildConfiguration;
			buildSettings = {
				ALWAYS_EMBED_SWIFT_STANDARD_LIBRARIES = YES;
				BUNDLE_LOADER = "$(TEST_HOST)";
				CODE_SIGN_STYLE = Automatic;
				INFOPLIST_FILE = TrafficSeguesTests/Info.plist;
				LD_RUNPATH_SEARCH_PATHS = (
					"$(inherited)",
					"@executable_path/Frameworks",
					"@loader_path/Frameworks",
				);
				PRODUCT_BUNDLE_IDENTIFIER = com.asfoor.TrafficSeguesTests;
				PRODUCT_NAME = "$(TARGET_NAME)";
				SWIFT_VERSION = 4.0;
				TARGETED_DEVICE_FAMILY = "1,2";
				TEST_HOST = "$(BUILT_PRODUCTS_DIR)/TrafficSegues.app/TrafficSegues";
			};
			name = Debug;
		};
		9359250120E5610C00434EA7 /* Release */ = {
			isa = XCBuildConfiguration;
			buildSettings = {
				ALWAYS_EMBED_SWIFT_STANDARD_LIBRARIES = YES;
				BUNDLE_LOADER = "$(TEST_HOST)";
				CODE_SIGN_STYLE = Automatic;
				INFOPLIST_FILE = TrafficSeguesTests/Info.plist;
				LD_RUNPATH_SEARCH_PATHS = (
					"$(inherited)",
					"@executable_path/Frameworks",
					"@loader_path/Frameworks",
				);
				PRODUCT_BUNDLE_IDENTIFIER = com.asfoor.TrafficSeguesTests;
				PRODUCT_NAME = "$(TARGET_NAME)";
				SWIFT_VERSION = 4.0;
				TARGETED_DEVICE_FAMILY = "1,2";
				TEST_HOST = "$(BUILT_PRODUCTS_DIR)/TrafficSegues.app/TrafficSegues";
			};
			name = Release;
		};
		9359250320E5610C00434EA7 /* Debug */ = {
			isa = XCBuildConfiguration;
			buildSettings = {
				ALWAYS_EMBED_SWIFT_STANDARD_LIBRARIES = YES;
				CODE_SIGN_STYLE = Automatic;
				INFOPLIST_FILE = TrafficSeguesUITests/Info.plist;
				LD_RUNPATH_SEARCH_PATHS = (
					"$(inherited)",
					"@executable_path/Frameworks",
					"@loader_path/Frameworks",
				);
				PRODUCT_BUNDLE_IDENTIFIER = com.asfoor.TrafficSeguesUITests;
				PRODUCT_NAME = "$(TARGET_NAME)";
				SWIFT_VERSION = 4.0;
				TARGETED_DEVICE_FAMILY = "1,2";
				TEST_TARGET_NAME = TrafficSegues;
			};
			name = Debug;
		};
		9359250420E5610C00434EA7 /* Release */ = {
			isa = XCBuildConfiguration;
			buildSettings = {
				ALWAYS_EMBED_SWIFT_STANDARD_LIBRARIES = YES;
				CODE_SIGN_STYLE = Automatic;
				INFOPLIST_FILE = TrafficSeguesUITests/Info.plist;
				LD_RUNPATH_SEARCH_PATHS = (
					"$(inherited)",
					"@executable_path/Frameworks",
					"@loader_path/Frameworks",
				);
				PRODUCT_BUNDLE_IDENTIFIER = com.asfoor.TrafficSeguesUITests;
				PRODUCT_NAME = "$(TARGET_NAME)";
				SWIFT_VERSION = 4.0;
				TARGETED_DEVICE_FAMILY = "1,2";
				TEST_TARGET_NAME = TrafficSegues;
			};
			name = Release;
		};
/* End XCBuildConfiguration section */

/* Begin XCConfigurationList section */
		935924CF20E5610900434EA7 /* Build configuration list for PBXProject "TrafficSegues" */ = {
			isa = XCConfigurationList;
			buildConfigurations = (
				935924FA20E5610C00434EA7 /* Debug */,
				935924FB20E5610C00434EA7 /* Release */,
			);
			defaultConfigurationIsVisible = 0;
			defaultConfigurationName = Release;
		};
		935924FC20E5610C00434EA7 /* Build configuration list for PBXNativeTarget "TrafficSegues" */ = {
			isa = XCConfigurationList;
			buildConfigurations = (
				935924FD20E5610C00434EA7 /* Debug */,
				935924FE20E5610C00434EA7 /* Release */,
			);
			defaultConfigurationIsVisible = 0;
			defaultConfigurationName = Release;
		};
		935924FF20E5610C00434EA7 /* Build configuration list for PBXNativeTarget "TrafficSeguesTests" */ = {
			isa = XCConfigurationList;
			buildConfigurations = (
				9359250020E5610C00434EA7 /* Debug */,
				9359250120E5610C00434EA7 /* Release */,
			);
			defaultConfigurationIsVisible = 0;
			defaultConfigurationName = Release;
		};
		9359250220E5610C00434EA7 /* Build configuration list for PBXNativeTarget "TrafficSeguesUITests" */ = {
			isa = XCConfigurationList;
			buildConfigurations = (
				9359250320E5610C00434EA7 /* Debug */,
				9359250420E5610C00434EA7 /* Release */,
			);
			defaultConfigurationIsVisible = 0;
			defaultConfigurationName = Release;
		};
/* End XCConfigurationList section */
	};
	rootObject = 935924CC20E5610900434EA7 /* Project object */;
}
